
Microsoft Visual Studio Solution File, Format Version 12.00
# Visual Studio Version 16
VisualStudioVersion = 16.0.30011.22
MinimumVisualStudioVersion = 10.0.40219.1
Project("{FAE04EC0-301F-11D3-BF4B-00C04F79EFBC}") = "IsarAerospace.DataViewer", "IsarAerospace.DataViewer\IsarAerospace.DataViewer.csproj", "{98DA4C41-4B78-4EEA-82EC-DC58FE791522}"
EndProject
Project("{FAE04EC0-301F-11D3-BF4B-00C04F79EFBC}") = "IsarAerospace.CsvLoader", "IsarAerospace.CsvLoader\IsarAerospace.CsvLoader.csproj", "{EBB7D997-2E44-4659-AD3D-09A653A7D5D8}"
EndProject
Global
	GlobalSection(SolutionConfigurationPlatforms) = preSolution
		Debug|Any CPU = Debug|Any CPU
		Release|Any CPU = Release|Any CPU
	EndGlobalSection
	GlobalSection(ProjectConfigurationPlatforms) = postSolution
		{98DA4C41-4B78-4EEA-82EC-DC58FE791522}.Debug|Any CPU.ActiveCfg = Debug|Any CPU
		{98DA4C41-4B78-4EEA-82EC-DC58FE791522}.Debug|Any CPU.Build.0 = Debug|Any CPU
		{98DA4C41-4B78-4EEA-82EC-DC58FE791522}.Release|Any CPU.ActiveCfg = Release|Any CPU
		{98DA4C41-4B78-4EEA-82EC-DC58FE791522}.Release|Any CPU.Build.0 = Release|Any CPU
		{EBB7D997-2E44-4659-AD3D-09A653A7D5D8}.Debug|Any CPU.ActiveCfg = Debug|Any CPU
		{EBB7D997-2E44-4659-AD3D-09A653A7D5D8}.Debug|Any CPU.Build.0 = Debug|Any CPU
		{EBB7D997-2E44-4659-AD3D-09A653A7D5D8}.Release|Any CPU.ActiveCfg = Release|Any CPU
		{EBB7D997-2E44-4659-AD3D-09A653A7D5D8}.Release|Any CPU.Build.0 = Release|Any CPU
	EndGlobalSection
	GlobalSection(SolutionProperties) = preSolution
		HideSolutionNode = FALSE
	EndGlobalSection
	GlobalSection(ExtensibilityGlobals) = postSolution
		SolutionGuid = {8907379B-54BC-43D5-B840-A40CA1FA5E71}
	EndGlobalSection
EndGlobal
